<?xml version="1.0" encoding="utf-8"?>
<Project ToolsVersion="4.0" xmlns="http://schemas.microsoft.com/developer/msbuild/2003">
  <ItemGroup>
    <Filter Include="Исходные файлы">
      <UniqueIdentifier>{4FC737F1-C7A5-4376-A066-2A32D752A2FF}</UniqueIdentifier>
      <Extensions>cpp;c;cc;cxx;c++;cppm;ixx;def;odl;idl;hpj;bat;asm;asmx</Extensions>
    </Filter>
    <Filter Include="Файлы заголовков">
      <UniqueIdentifier>{93995380-89BD-4b04-88EB-625FBE52EBFB}</UniqueIdentifier>
      <Extensions>h;hh;hpp;hxx;h++;hm;inl;inc;ipp;xsd</Extensions>
    </Filter>
    <Filter Include="Файлы ресурсов">
      <UniqueIdentifier>{67DA6AB6-F800-4c08-8B7A-83BB121AAD01}</UniqueIdentifier>
      <Extensions>rc;ico;cur;bmp;dlg;rc2;rct;bin;rgs;gif;jpg;jpeg;jpe;resx;tiff;tif;png;wav;mfcribbon-ms</Extensions>
    </Filter>
  </ItemGroup>
  <ItemGroup>
    <ClCompile Include="KursovoyProekt.cpp">
      <Filter>Исходные файлы</Filter>
    </ClCompile>
    <ClCompile Include="MobilePhone.cpp">
      <Filter>Исходные файлы</Filter>
    </ClCompile>
    <ClCompile Include="SIM.cpp">
      <Filter>Исходные файлы</Filter>
    </ClCompile>
    <ClCompile Include="PhoneMode.cpp">
      <Filter>Исходные файлы</Filter>
    </ClCompile>
    <ClCompile Include="SmartPhone.cpp">
      <Filter>Исходные файлы</Filter>
    </ClCompile>
    <ClCompile Include="PushButtonPhone.cpp">
      <Filter>Исходные файлы</Filter>
    </ClCompile>
    <ClCompile Include="Cover.cpp">
      <Filter>Исходные файлы</Filter>
    </ClCompile>
    <ClCompile Include="HybridPhone.cpp">
      <Filter>Исходные файлы</Filter>
    </ClCompile>
    <ClCompile Include="Shop.cpp">
      <Filter>Исходные файлы</Filter>
    </ClCompile>
    <ClCompile Include="Person.cpp">
      <Filter>Исходные файлы</Filter>
    </ClCompile>
    <ClCompile Include="Civil.cpp">
      <Filter>Исходные файлы</Filter>
    </ClCompile>
    <ClCompile Include="Lang.cpp">
      <Filter>Исходные файлы</Filter>
    </ClCompile>
  </ItemGroup>
  <ItemGroup>
    <ClInclude Include="MobilePhone.h">
      <Filter>Файлы заголовков</Filter>
    </ClInclude>
    <ClInclude Include="SIM.h">
      <Filter>Файлы заголовков</Filter>
    </ClInclude>
    <ClInclude Include="PhoneMode.h">
      <Filter>Файлы заголовков</Filter>
    </ClInclude>
    <ClInclude Include="SmartPhone.h">
      <Filter>Файлы заголовков</Filter>
    </ClInclude>
    <ClInclude Include="PushButtonPhone.h">
      <Filter>Файлы заголовков</Filter>
    </ClInclude>
    <ClInclude Include="Cover.h">
      <Filter>Файлы заголовков</Filter>
    </ClInclude>
    <ClInclude Include="HybridPhone.h">
      <Filter>Файлы заголовков</Filter>
    </ClInclude>
    <ClInclude Include="Shop.h">
      <Filter>Файлы заголовков</Filter>
    </ClInclude>
    <ClInclude Include="Person.h">
      <Filter>Файлы заголовков</Filter>
    </ClInclude>
    <ClInclude Include="Civil.h">
      <Filter>Файлы заголовков</Filter>
    </ClInclude>
    <ClInclude Include="Lang.h">
      <Filter>Файлы заголовков</Filter>
    </ClInclude>
  </ItemGroup>
</Project>